
Microsoft Visual Studio Solution File, Format Version 12.00
# Visual Studio Version 17
VisualStudioVersion = 17.10.35027.167
MinimumVisualStudioVersion = 10.0.40219.1
Project("{8BC9CEB8-8B4A-11D0-8D11-00A0C91BC942}") = "AlgebraLib", "AlgebraLib\AlgebraLib.vcxproj", "{C65C794D-A978-4ECF-B1A8-0684CB6DD98A}"
EndProject
Project("{8BC9CEB8-8B4A-11D0-8D11-00A0C91BC942}") = "AlgebraLibTest", "AlgebraLibTest\AlgebraLibTest.vcxproj", "{217822D7-FFF0-4B77-B00F-F718F316236E}"
EndProject
Global
	GlobalSection(SolutionConfigurationPlatforms) = preSolution
		Debug|x64 = Debug|x64
		Debug|x86 = Debug|x86
		Release|x64 = Release|x64
		Release|x86 = Release|x86
	EndGlobalSection
	GlobalSection(ProjectConfigurationPlatforms) = postSolution
		{C65C794D-A978-4ECF-B1A8-0684CB6DD98A}.Debug|x64.ActiveCfg = Debug|x64
		{C65C794D-A978-4ECF-B1A8-0684CB6DD98A}.Debug|x64.Build.0 = Debug|x64
		{C65C794D-A978-4ECF-B1A8-0684CB6DD98A}.Debug|x86.ActiveCfg = Debug|Win32
		{C65C794D-A978-4ECF-B1A8-0684CB6DD98A}.Debug|x86.Build.0 = Debug|Win32
		{C65C794D-A978-4ECF-B1A8-0684CB6DD98A}.Release|x64.ActiveCfg = Release|x64
		{C65C794D-A978-4ECF-B1A8-0684CB6DD98A}.Release|x64.Build.0 = Release|x64
		{C65C794D-A978-4ECF-B1A8-0684CB6DD98A}.Release|x86.ActiveCfg = Release|Win32
		{C65C794D-A978-4ECF-B1A8-0684CB6DD98A}.Release|x86.Build.0 = Release|Win32
		{217822D7-FFF0-4B77-B00F-F718F316236E}.Debug|x64.ActiveCfg = Debug|x64
		{217822D7-FFF0-4B77-B00F-F718F316236E}.Debug|x64.Build.0 = Debug|x64
		{217822D7-FFF0-4B77-B00F-F718F316236E}.Debug|x86.ActiveCfg = Debug|Win32
		{217822D7-FFF0-4B77-B00F-F718F316236E}.Debug|x86.Build.0 = Debug|Win32
		{217822D7-FFF0-4B77-B00F-F718F316236E}.Release|x64.ActiveCfg = Release|x64
		{217822D7-FFF0-4B77-B00F-F718F316236E}.Release|x64.Build.0 = Release|x64
		{217822D7-FFF0-4B77-B00F-F718F316236E}.Release|x86.ActiveCfg = Release|Win32
		{217822D7-FFF0-4B77-B00F-F718F316236E}.Release|x86.Build.0 = Release|Win32
	EndGlobalSection
	GlobalSection(SolutionProperties) = preSolution
		HideSolutionNode = FALSE
	EndGlobalSection
	GlobalSection(ExtensibilityGlobals) = postSolution
		SolutionGuid = {2BF3B1CB-BD84-4BC0-85BF-0A61CC9C0E48}
	EndGlobalSection
EndGlobal
